Microsoft Visual Studio Solution File, Format Version 12.00
# Visual Studio Version 17
VisualStudioVersion = 17.5.2.0
MinimumVisualStudioVersion = 10.0.40219.1
Project("{FAE04EC0-301F-11D3-BF4B-00C04F79EFBC}") = "BlazorTestApp", "BlazorTestApp.csproj", "{2A0C5587-221C-5C3F-EECC-73F0CEBEAF0F}"
EndProject
Global
	GlobalSection(SolutionConfigurationPlatforms) = preSolution
		Debug|Any CPU = Debug|Any CPU
		Release|Any CPU = Release|Any CPU
	EndGlobalSection
	GlobalSection(ProjectConfigurationPlatforms) = postSolution
		{2A0C5587-221C-5C3F-EECC-73F0CEBEAF0F}.Debug|Any CPU.ActiveCfg = Debug|Any CPU
		{2A0C5587-221C-5C3F-EECC-73F0CEBEAF0F}.Debug|Any CPU.Build.0 = Debug|Any CPU
		{2A0C5587-221C-5C3F-EECC-73F0CEBEAF0F}.Release|Any CPU.ActiveCfg = Release|Any CPU
		{2A0C5587-221C-5C3F-EECC-73F0CEBEAF0F}.Release|Any CPU.Build.0 = Release|Any CPU
	EndGlobalSection
	GlobalSection(SolutionProperties) = preSolution
		HideSolutionNode = FALSE
	EndGlobalSection
	GlobalSection(ExtensibilityGlobals) = postSolution
		SolutionGuid = {7B2CDBC0-B8A1-4F01-B644-DF05907F4FC4}
	EndGlobalSection
EndGlobal
